
Microsoft Visual Studio Solution File, Format Version 12.00
# Visual Studio 2013
VisualStudioVersion = 12.0.21005.1
MinimumVisualStudioVersion = 10.0.40219.1
Project("{E24C65DC-7377-472B-9ABA-BC803B73C61A}") = "CSS梅花飘落", "http://localhost:23453", "{E9DDE191-8B6C-40DE-A8BD-73ECE80C4034}"
	ProjectSection(WebsiteProperties) = preProject
		UseIISExpress = "true"
		TargetFrameworkMoniker = ".NETFramework,Version%3Dv4.0"
		Debug.AspNetCompiler.VirtualPath = "/localhost_23453"
		Debug.AspNetCompiler.PhysicalPath = "..\CSS梅花飘落\"
		Debug.AspNetCompiler.TargetPath = "PrecompiledWeb\localhost_23453\"
		Debug.AspNetCompiler.Updateable = "true"
		Debug.AspNetCompiler.ForceOverwrite = "true"
		Debug.AspNetCompiler.FixedNames = "false"
		Debug.AspNetCompiler.Debug = "True"
		Release.AspNetCompiler.VirtualPath = "/localhost_23453"
		Release.AspNetCompiler.PhysicalPath = "..\CSS梅花飘落\"
		Release.AspNetCompiler.TargetPath = "PrecompiledWeb\localhost_23453\"
		Release.AspNetCompiler.Updateable = "true"
		Release.AspNetCompiler.ForceOverwrite = "true"
		Release.AspNetCompiler.FixedNames = "false"
		Release.AspNetCompiler.Debug = "False"
		SlnRelativePath = "..\CSS梅花飘落\"
	EndProjectSection
EndProject
Global
	GlobalSection(SolutionConfigurationPlatforms) = preSolution
		Debug|Any CPU = Debug|Any CPU
	EndGlobalSection
	GlobalSection(ProjectConfigurationPlatforms) = postSolution
		{E9DDE191-8B6C-40DE-A8BD-73ECE80C4034}.Debug|Any CPU.ActiveCfg = Debug|Any CPU
		{E9DDE191-8B6C-40DE-A8BD-73ECE80C4034}.Debug|Any CPU.Build.0 = Debug|Any CPU
	EndGlobalSection
	GlobalSection(SolutionProperties) = preSolution
		HideSolutionNode = FALSE
	EndGlobalSection
EndGlobal
